<Solution>
  <Folder Name="/Solution Items/">
    <File Path=".csharpierrc.json" />
    <File Path=".editorconfig" />
  </Folder>
  <Project Path="Inventory Managment System/Inventory Managment System.csproj" />
  <Project Path="Inventory-Management-System.Api/Inventory-Management-System.Api.csproj" />
</Solution>
